
Microsoft Visual Studio Solution File, Format Version 12.00
# Visual Studio Version 17
VisualStudioVersion = 17.1.32407.343
MinimumVisualStudioVersion = 10.0.40219.1
Project("{9A19103F-16F7-4668-BE54-9A1E7A4F7556}") = "BattleBuddyPrototype", "BattleBuddyPrototype\BattleBuddyPrototype.csproj", "{CA711A00-C47F-4618-BE60-87C2FFE768E5}"
EndProject
Project("{FAE04EC0-301F-11D3-BF4B-00C04F79EFBC}") = "BlazorApp1.Server", "BlazorApp1\Server\BlazorApp1.Server.csproj", "{0C3B093B-5591-4540-95C5-0C47B2B7E2AC}"
EndProject
Project("{FAE04EC0-301F-11D3-BF4B-00C04F79EFBC}") = "BlazorApp1.Client", "BlazorApp1\Client\BlazorApp1.Client.csproj", "{3D57A76C-C751-4691-BD05-97E89E5024E1}"
EndProject
Project("{FAE04EC0-301F-11D3-BF4B-00C04F79EFBC}") = "BlazorApp1.Shared", "BlazorApp1\Shared\BlazorApp1.Shared.csproj", "{DDD33058-11DF-4B47-A769-2363D0F2DE75}"
EndProject
Global
	GlobalSection(SolutionConfigurationPlatforms) = preSolution
		Debug|Any CPU = Debug|Any CPU
		Release|Any CPU = Release|Any CPU
	EndGlobalSection
	GlobalSection(ProjectConfigurationPlatforms) = postSolution
		{CA711A00-C47F-4618-BE60-87C2FFE768E5}.Debug|Any CPU.ActiveCfg = Debug|Any CPU
		{CA711A00-C47F-4618-BE60-87C2FFE768E5}.Debug|Any CPU.Build.0 = Debug|Any CPU
		{CA711A00-C47F-4618-BE60-87C2FFE768E5}.Release|Any CPU.ActiveCfg = Release|Any CPU
		{CA711A00-C47F-4618-BE60-87C2FFE768E5}.Release|Any CPU.Build.0 = Release|Any CPU
		{0C3B093B-5591-4540-95C5-0C47B2B7E2AC}.Debug|Any CPU.ActiveCfg = Debug|Any CPU
		{0C3B093B-5591-4540-95C5-0C47B2B7E2AC}.Debug|Any CPU.Build.0 = Debug|Any CPU
		{0C3B093B-5591-4540-95C5-0C47B2B7E2AC}.Release|Any CPU.ActiveCfg = Release|Any CPU
		{0C3B093B-5591-4540-95C5-0C47B2B7E2AC}.Release|Any CPU.Build.0 = Release|Any CPU
		{3D57A76C-C751-4691-BD05-97E89E5024E1}.Debug|Any CPU.ActiveCfg = Debug|Any CPU
		{3D57A76C-C751-4691-BD05-97E89E5024E1}.Debug|Any CPU.Build.0 = Debug|Any CPU
		{3D57A76C-C751-4691-BD05-97E89E5024E1}.Release|Any CPU.ActiveCfg = Release|Any CPU
		{3D57A76C-C751-4691-BD05-97E89E5024E1}.Release|Any CPU.Build.0 = Release|Any CPU
		{DDD33058-11DF-4B47-A769-2363D0F2DE75}.Debug|Any CPU.ActiveCfg = Debug|Any CPU
		{DDD33058-11DF-4B47-A769-2363D0F2DE75}.Debug|Any CPU.Build.0 = Debug|Any CPU
		{DDD33058-11DF-4B47-A769-2363D0F2DE75}.Release|Any CPU.ActiveCfg = Release|Any CPU
		{DDD33058-11DF-4B47-A769-2363D0F2DE75}.Release|Any CPU.Build.0 = Release|Any CPU
	EndGlobalSection
	GlobalSection(SolutionProperties) = preSolution
		HideSolutionNode = FALSE
	EndGlobalSection
	GlobalSection(ExtensibilityGlobals) = postSolution
		SolutionGuid = {F8413840-F4A1-421C-8ACE-6CD31EBD6976}
	EndGlobalSection
EndGlobal
