Microsoft Visual Studio Solution File, Format Version 12.00
# Visual Studio Version 17
VisualStudioVersion = 17.3.32819.101
MinimumVisualStudioVersion = 10.0.40219.1
Project("{9A19103F-16F7-4668-BE54-9A1E7A4F7556}") = "BattleBuddy", "BattleBuddy\BattleBuddy.csproj", "{AE243E5B-241E-448C-BEBB-F510DBE7D799}"
EndProject
Project("{9A19103F-16F7-4668-BE54-9A1E7A4F7556}") = "BattleBuddy.Shared", "BattleBuddy.Shared\BattleBuddy.Shared.csproj", "{1A1C5267-F123-4A6A-A737-368F9474B524}"
EndProject
Project("{9A19103F-16F7-4668-BE54-9A1E7A4F7556}") = "BattleBuddy.WebApp", "BattleBuddy.WebApp\BattleBuddy.WebApp.csproj", "{6BB338F7-0FA9-4418-B14D-01EDED4FF55F}"
EndProject
Global
	GlobalSection(SolutionConfigurationPlatforms) = preSolution
		Debug|Any CPU = Debug|Any CPU
		Release|Any CPU = Release|Any CPU
	EndGlobalSection
	GlobalSection(ProjectConfigurationPlatforms) = postSolution
		{AE243E5B-241E-448C-BEBB-F510DBE7D799}.Debug|Any CPU.ActiveCfg = Debug|Any CPU
		{AE243E5B-241E-448C-BEBB-F510DBE7D799}.Debug|Any CPU.Build.0 = Debug|Any CPU
		{AE243E5B-241E-448C-BEBB-F510DBE7D799}.Release|Any CPU.ActiveCfg = Release|Any CPU
		{AE243E5B-241E-448C-BEBB-F510DBE7D799}.Release|Any CPU.Build.0 = Release|Any CPU
		{1A1C5267-F123-4A6A-A737-368F9474B524}.Debug|Any CPU.ActiveCfg = Debug|Any CPU
		{1A1C5267-F123-4A6A-A737-368F9474B524}.Debug|Any CPU.Build.0 = Debug|Any CPU
		{1A1C5267-F123-4A6A-A737-368F9474B524}.Release|Any CPU.ActiveCfg = Release|Any CPU
		{1A1C5267-F123-4A6A-A737-368F9474B524}.Release|Any CPU.Build.0 = Release|Any CPU
		{6BB338F7-0FA9-4418-B14D-01EDED4FF55F}.Debug|Any CPU.ActiveCfg = Debug|Any CPU
		{6BB338F7-0FA9-4418-B14D-01EDED4FF55F}.Debug|Any CPU.Build.0 = Debug|Any CPU
		{6BB338F7-0FA9-4418-B14D-01EDED4FF55F}.Release|Any CPU.ActiveCfg = Release|Any CPU
		{6BB338F7-0FA9-4418-B14D-01EDED4FF55F}.Release|Any CPU.Build.0 = Release|Any CPU
	EndGlobalSection
	GlobalSection(SolutionProperties) = preSolution
		HideSolutionNode = FALSE
	EndGlobalSection
	GlobalSection(ExtensibilityGlobals) = postSolution
		SolutionGuid = {E2CCCF6A-C4F7-49F9-B840-0EA60BA3DC41}
	EndGlobalSection
EndGlobal
